{"is_source_file": false, "format": "", "description": "", "external_files": [], "external_methods": [], "published": [], "classes": [], "methods": [], "calls": [], "search-terms": [], "state": 2, "file_id": 130, "knowledge_revision": 268, "git_revision": "4347034bca90d76fb073cd29f0f899ee56fa2e4f", "hash": "fe4c1b17910bcf2738bc7d4ed110d086", "format-version": 4, "code-base-name": "default", "filename": "financeflow/pubspec.lock", "revision_history": [{"268": "4347034bca90d76fb073cd29f0f899ee56fa2e4f"}]}