{"is_source_file": false, "format": "", "description": "", "external_files": [], "external_methods": [], "published": [], "classes": [], "methods": [], "calls": [], "search-terms": [], "state": 2, "file_id": 6, "knowledge_revision": 144, "git_revision": "4347034bca90d76fb073cd29f0f899ee56fa2e4f", "hash": "60414d08e987743957a6e01edc39cc3a", "format-version": 4, "code-base-name": "default", "filename": "financeflow/macos/Runner.xcodeproj/project.pbxproj", "revision_history": [{"144": "4347034bca90d76fb073cd29f0f899ee56fa2e4f"}]}