{"is_source_file": true, "file_id": 6, "git_revision": "", "state": 1, "description": "", "external_files": [], "external_methods": [], "published": [], "classes": [], "methods": [], "calls": [], "search-terms": [], "hash": "60414d08e987743957a6e01edc39cc3a", "format-version": 4, "code-base-name": "default", "filename": "financeflow/macos/Runner.xcodeproj/project.pbxproj", "knowledge_revision": 7}