{"is_source_file": false, "format": null, "description": "", "external_files": [], "external_methods": [], "published": [], "classes": [], "methods": [], "calls": [], "search-terms": [], "state": 2, "file_id": 91, "knowledge_revision": 228, "git_revision": "4347034bca90d76fb073cd29f0f899ee56fa2e4f", "hash": "f7ecc84bf3dbecfd17af58b095cfa3c9", "format-version": 4, "code-base-name": "default", "filename": "financeflow/ios/Runner.xcodeproj/project.pbxproj", "revision_history": [{"228": "4347034bca90d76fb073cd29f0f899ee56fa2e4f"}]}